
Microsoft Visual Studio Solution File, Format Version 12.00
# Visual Studio Version 16
VisualStudioVersion = 16.0.30309.148
MinimumVisualStudioVersion = 10.0.40219.1
Project("{FAE04EC0-301F-11D3-BF4B-00C04F79EFBC}") = "ConnectToPostgreSQLDatabase", "ConnectToPostgreSQLDatabase\ConnectToPostgreSQLDatabase.csproj", "{14574A80-CE68-4B51-9F2A-21A5F6A6648A}"
EndProject
Global
	GlobalSection(SolutionConfigurationPlatforms) = preSolution
		Debug|Any CPU = Debug|Any CPU
		Release|Any CPU = Release|Any CPU
	EndGlobalSection
	GlobalSection(ProjectConfigurationPlatforms) = postSolution
		{14574A80-CE68-4B51-9F2A-21A5F6A6648A}.Debug|Any CPU.ActiveCfg = Debug|Any CPU
		{14574A80-CE68-4B51-9F2A-21A5F6A6648A}.Debug|Any CPU.Build.0 = Debug|Any CPU
		{14574A80-CE68-4B51-9F2A-21A5F6A6648A}.Release|Any CPU.ActiveCfg = Release|Any CPU
		{14574A80-CE68-4B51-9F2A-21A5F6A6648A}.Release|Any CPU.Build.0 = Release|Any CPU
	EndGlobalSection
	GlobalSection(SolutionProperties) = preSolution
		HideSolutionNode = FALSE
	EndGlobalSection
	GlobalSection(ExtensibilityGlobals) = postSolution
		SolutionGuid = {A5F0700E-B1F2-4989-8F95-96F71EB82D03}
	EndGlobalSection
EndGlobal
