
Microsoft Visual Studio Solution File, Format Version 12.00
# Visual Studio Version 16
VisualStudioVersion = 16.0.30309.148
MinimumVisualStudioVersion = 10.0.40219.1
Project("{FAE04EC0-301F-11D3-BF4B-00C04F79EFBC}") = "ReadingAppConfigFile", "ReadingAppConfigFile\ReadingAppConfigFile.csproj", "{0CA5E9A5-2CF6-4783-B88C-259745889CDC}"
EndProject
Global
	GlobalSection(SolutionConfigurationPlatforms) = preSolution
		Debug|Any CPU = Debug|Any CPU
		Release|Any CPU = Release|Any CPU
	EndGlobalSection
	GlobalSection(ProjectConfigurationPlatforms) = postSolution
		{0CA5E9A5-2CF6-4783-B88C-259745889CDC}.Debug|Any CPU.ActiveCfg = Debug|Any CPU
		{0CA5E9A5-2CF6-4783-B88C-259745889CDC}.Debug|Any CPU.Build.0 = Debug|Any CPU
		{0CA5E9A5-2CF6-4783-B88C-259745889CDC}.Release|Any CPU.ActiveCfg = Release|Any CPU
		{0CA5E9A5-2CF6-4783-B88C-259745889CDC}.Release|Any CPU.Build.0 = Release|Any CPU
	EndGlobalSection
	GlobalSection(SolutionProperties) = preSolution
		HideSolutionNode = FALSE
	EndGlobalSection
	GlobalSection(ExtensibilityGlobals) = postSolution
		SolutionGuid = {A5F0700E-B1F2-4989-8F95-96F71EB82D03}
	EndGlobalSection
EndGlobal
